
Microsoft Visual Studio Solution File, Format Version 12.00
# Visual Studio Version 17
VisualStudioVersion = 17.9.34622.214
MinimumVisualStudioVersion = 10.0.40219.1
Project("{8BC9CEB8-8B4A-11D0-8D11-00A0C91BC942}") = "vector_pt5", "vector_pt5.vcxproj", "{FFEB7DE1-EF93-4802-A337-8179BC34416E}"
EndProject
Global
	GlobalSection(SolutionConfigurationPlatforms) = preSolution
		Debug|x64 = Debug|x64
		Debug|x86 = Debug|x86
		Release|x64 = Release|x64
		Release|x86 = Release|x86
	EndGlobalSection
	GlobalSection(ProjectConfigurationPlatforms) = postSolution
		{FFEB7DE1-EF93-4802-A337-8179BC34416E}.Debug|x64.ActiveCfg = Debug|x64
		{FFEB7DE1-EF93-4802-A337-8179BC34416E}.Debug|x64.Build.0 = Debug|x64
		{FFEB7DE1-EF93-4802-A337-8179BC34416E}.Debug|x86.ActiveCfg = Debug|Win32
		{FFEB7DE1-EF93-4802-A337-8179BC34416E}.Debug|x86.Build.0 = Debug|Win32
		{FFEB7DE1-EF93-4802-A337-8179BC34416E}.Release|x64.ActiveCfg = Release|x64
		{FFEB7DE1-EF93-4802-A337-8179BC34416E}.Release|x64.Build.0 = Release|x64
		{FFEB7DE1-EF93-4802-A337-8179BC34416E}.Release|x86.ActiveCfg = Release|Win32
		{FFEB7DE1-EF93-4802-A337-8179BC34416E}.Release|x86.Build.0 = Release|Win32
	EndGlobalSection
	GlobalSection(SolutionProperties) = preSolution
		HideSolutionNode = FALSE
	EndGlobalSection
	GlobalSection(ExtensibilityGlobals) = postSolution
		SolutionGuid = {227F4B6E-ACFE-4C63-933A-AC80F3E0B54D}
	EndGlobalSection
EndGlobal
