
Microsoft Visual Studio Solution File, Format Version 12.00
# Visual Studio Version 17
VisualStudioVersion = 17.9.34728.123
MinimumVisualStudioVersion = 10.0.40219.1
Project("{8BC9CEB8-8B4A-11D0-8D11-00A0C91BC942}") = "Matroska", "Matroska.vcxproj", "{6ADF2EE3-0C29-46B8-AF35-3A5B189BA7E0}"
EndProject
Global
	GlobalSection(SolutionConfigurationPlatforms) = preSolution
		Debug|x64 = Debug|x64
		Debug|x86 = Debug|x86
		Release|x64 = Release|x64
		Release|x86 = Release|x86
	EndGlobalSection
	GlobalSection(ProjectConfigurationPlatforms) = postSolution
		{6ADF2EE3-0C29-46B8-AF35-3A5B189BA7E0}.Debug|x64.ActiveCfg = Debug|x64
		{6ADF2EE3-0C29-46B8-AF35-3A5B189BA7E0}.Debug|x64.Build.0 = Debug|x64
		{6ADF2EE3-0C29-46B8-AF35-3A5B189BA7E0}.Debug|x86.ActiveCfg = Debug|Win32
		{6ADF2EE3-0C29-46B8-AF35-3A5B189BA7E0}.Debug|x86.Build.0 = Debug|Win32
		{6ADF2EE3-0C29-46B8-AF35-3A5B189BA7E0}.Release|x64.ActiveCfg = Release|x64
		{6ADF2EE3-0C29-46B8-AF35-3A5B189BA7E0}.Release|x64.Build.0 = Release|x64
		{6ADF2EE3-0C29-46B8-AF35-3A5B189BA7E0}.Release|x86.ActiveCfg = Release|Win32
		{6ADF2EE3-0C29-46B8-AF35-3A5B189BA7E0}.Release|x86.Build.0 = Release|Win32
	EndGlobalSection
	GlobalSection(SolutionProperties) = preSolution
		HideSolutionNode = FALSE
	EndGlobalSection
	GlobalSection(ExtensibilityGlobals) = postSolution
		SolutionGuid = {3829BD70-4540-455F-9D4E-3E278750EC08}
	EndGlobalSection
EndGlobal
